dependencies:
- name: mongodb
  repository: https://charts.bitnami.com/bitnami
  version: 15.1.4
- name: redis
  repository: https://charts.bitnami.com/bitnami
  version: 19.1.2
digest: sha256:224acb382730a94363e469e7bdc5562e3f84c7d36c349187afd805fafc6536e1
generated: "2024-04-29T09:54:36.9550398+08:00"
