lockfileVersion: '9.0'

settings:
  autoInstallPeers: true
  excludeLinksFromLockfile: false

importers:

  .:
    devDependencies:
      tsdown:
        specifier: 0.11.11
        version: 0.11.11(typescript@5.6.2)

packages:

  '@babel/generator@7.27.1':
    resolution: {integrity: sha512-UnJfnIpc/+JO0/+KRVQNGU+y5taA5vCbwN8+azkX6beii/ZF+enZJSOKo11ZSzGJjlNfJHfQtmQT8H+9TXPG2w==}
    engines: {node: '>=6.9.0'}

  '@babel/helper-string-parser@7.27.1':
    resolution: {integrity: sha512-qMlSxKbpRlAridDExk92nSobyDdpPijUq2DW6oDnUqd0iOGxmQjyqhMIihI9+zv4LPyZdRje2cavWPbCbWm3eA==}
    engines: {node: '>=6.9.0'}

  '@babel/helper-validator-identifier@7.27.1':
    resolution: {integrity: sha512-D2hP9eA+Sqx1kBZgzxZh0y1trbuU+JoDkiEwqhQ36nodYqJwyEIhPSdMNd7lOm/4io72luTPWH20Yda0xOuUow==}
    engines: {node: '>=6.9.0'}

  '@babel/parser@7.27.2':
    resolution: {integrity: sha512-QYLs8299NA7WM/bZAdp+CviYYkVoYXlDW2rzliy3chxd1PQjej7JORuMJDJXJUb9g0TT+B99EwaVLKmX+sPXWw==}
    engines: {node: '>=6.0.0'}
    hasBin: true

  '@babel/types@7.27.1':
    resolution: {integrity: sha512-+EzkxvLNfiUeKMgy/3luqfsCWFRXLb7U6wNQTk60tovuckwB15B191tJWvpp4HjiQWdJkCxO3Wbvc6jlk3Xb2Q==}
    engines: {node: '>=6.9.0'}

  '@emnapi/core@1.4.3':
    resolution: {integrity: sha512-4m62DuCE07lw01soJwPiBGC0nAww0Q+RY70VZ+n49yDIO13yyinhbWCeNnaob0lakDtWQzSdtNWzJeOJt2ma+g==}

  '@emnapi/runtime@1.4.3':
    resolution: {integrity: sha512-pBPWdu6MLKROBX05wSNKcNb++m5Er+KQ9QkB+WVM+pW2Kx9hoSrVTnu3BdkI5eBLZoKu/J6mW/B6i6bJB2ytXQ==}

  '@emnapi/wasi-threads@1.0.2':
    resolution: {integrity: sha512-5n3nTJblwRi8LlXkJ9eBzu+kZR8Yxcc7ubakyQTFzPMtIhFpUBRbsnc2Dv88IZDIbCDlBiWrknhB4Lsz7mg6BA==}

  '@jridgewell/gen-mapping@0.3.5':
    resolution: {integrity: sha512-IzL8ZoEDIBRWEzlCcRhOaCupYyN5gdIK+Q6fbFdPDg6HqX6jpkItn7DFIpW9LQzXG6Df9sA7+OKnq0qlz/GaQg==}
    engines: {node: '>=6.0.0'}

  '@jridgewell/resolve-uri@3.1.2':
    resolution: {integrity: sha512-bRISgCIjP20/tbWSPWMEi54QVPRZExkuD9lJL+UIxUKtwVJA8wW1Trb1jMs1RFXo1CBTNZ/5hpC9QvmKWdopKw==}
    engines: {node: '>=6.0.0'}

  '@jridgewell/set-array@1.2.1':
    resolution: {integrity: sha512-R8gLRTZeyp03ymzP/6Lil/28tGeGEzhx1q2k703KGWRAI1VdvPIXdG70VJc2pAMw3NA6JKL5hhFu1sJX0Mnn/A==}
    engines: {node: '>=6.0.0'}

  '@jridgewell/sourcemap-codec@1.5.0':
    resolution: {integrity: sha512-gv3ZRaISU3fjPAgNsriBRqGWQL6quFx04YMPW/zD8XMLsU32mhCCbfbO6KZFLjvYpCZ8zyDEgqsgf+PwPaM7GQ==}

  '@jridgewell/trace-mapping@0.3.25':
    resolution: {integrity: sha512-vNk6aEwybGtawWmy/PzwnGDOjCkLWSD2wqvjGGAgOAwCGWySYXfYoxt00IJkTF+8Lb57DwOb3Aa0o9CApepiYQ==}

  '@napi-rs/wasm-runtime@0.2.10':
    resolution: {integrity: sha512-bCsCyeZEwVErsGmyPNSzwfwFn4OdxBj0mmv6hOFucB/k81Ojdu68RbZdxYsRQUPc9l6SU5F/cG+bXgWs3oUgsQ==}

  '@oxc-project/types@0.69.0':
    resolution: {integrity: sha512-bu3gzdAlLgncoaqyqWVpMAKx4axo+j3ewvvdAt5iCLtvHB/n3Qeif67NU+2TM/ami1nV5/KVO9lxCH8paPATBA==}

  '@quansync/fs@0.1.3':
    resolution: {integrity: sha512-G0OnZbMWEs5LhDyqy2UL17vGhSVHkQIfVojMtEWVenvj0V5S84VBgy86kJIuNsGDp2p7sTKlpSIpBUWdC35OKg==}
    engines: {node: '>=20.0.0'}

  '@rolldown/binding-darwin-arm64@1.0.0-beta.8-commit.d95f99e':
    resolution: {integrity: sha512-Qnj12Et8isg99mLZoWYKCdepAUVVeBNdpBKAG/L+jEz6sQ2L2FhHB4owmF3wXyzHVzLUmhT1Io1q49vBEldbjQ==}
    cpu: [arm64]
    os: [darwin]

  '@rolldown/binding-darwin-x64@1.0.0-beta.8-commit.d95f99e':
    resolution: {integrity: sha512-xgkCsHfe353jWscfOay8eyHdj/jg9Qp7fEsB9k1+YGnfinBtRbyAVhJ6LmZOVNfchN316bB59l4HFIL01S/kMQ==}
    cpu: [x64]
    os: [darwin]

  '@rolldown/binding-freebsd-x64@1.0.0-beta.8-commit.d95f99e':
    resolution: {integrity: sha512-H6ZAQq4B0D03sGxVn5KDCHnopXV+QHoYk2yemRqSx4tjXDnynt8fRXxdjDbBcsmlxSp/l4t/zKeSzVjXRIT3RA==}
    cpu: [x64]
    os: [freebsd]

  '@rolldown/binding-linux-arm-gnueabihf@1.0.0-beta.8-commit.d95f99e':
    resolution: {integrity: sha512-GwxeaGEC/qfgnd63SsklcQft04ygrnJDzdIbH5FvMPZ2L7eQ6FqhYYfF2aoQqnjgim5UO5BrFm97EmSjDWhBsA==}
    cpu: [arm]
    os: [linux]

  '@rolldown/binding-linux-arm64-gnu@1.0.0-beta.8-commit.d95f99e':
    resolution: {integrity: sha512-ItBOhvZtYHIGJ1AtX7xf7v0RvZbXgdsv5gHk8vDykGMAbl+t4Wa9OJIIa6C8V2nBFJXWH+14GudrEfQfQUFbtQ==}
    cpu: [arm64]
    os: [linux]

  '@rolldown/binding-linux-arm64-musl@1.0.0-beta.8-commit.d95f99e':
    resolution: {integrity: sha512-UiHjNo1ffN9Nt53mmawmnuVn2l9vdYGd91XxFrOTrEKRxO5bJL6wBhd82t+uBeHWycR/6qlSCJkTsHJQPf2UbA==}
    cpu: [arm64]
    os: [linux]

  '@rolldown/binding-linux-x64-gnu@1.0.0-beta.8-commit.d95f99e':
    resolution: {integrity: sha512-p3sIHw1vmqqK70474mEvyl0aj1PvvUEWiKxG+zvpNRTzWxcTxrsRCtlqxTJ1A8R0z76tdn00PsMQrFOSMnLotQ==}
    cpu: [x64]
    os: [linux]

  '@rolldown/binding-linux-x64-musl@1.0.0-beta.8-commit.d95f99e':
    resolution: {integrity: sha512-STOhk06GmHu/mvrZnp32JkQAN07g1ZjuaChf8r0/7NnnOIg6xiTcBxhMxL5hTR7os075ziRRUoHlfEssIJxSBw==}
    cpu: [x64]
    os: [linux]

  '@rolldown/binding-wasm32-wasi@1.0.0-beta.8-commit.d95f99e':
    resolution: {integrity: sha512-18l5SdnDs49KuWsJ1ZjxQ72f4OBv++wQDkYeTkIDFON+lWIY6pCc4Zb7ehD8aflq6gisokt0GsZWO8Dyi7iqrA==}
    engines: {node: '>=14.21.3'}
    cpu: [wasm32]

  '@rolldown/binding-win32-arm64-msvc@1.0.0-beta.8-commit.d95f99e':
    resolution: {integrity: sha512-LqyxWnfBr0IkLVrFwBxARbEUYcpzXgDaBCqBn1rrKiLt6KUxoTA95WWkHQhYFjqmQHJOoBAFHXykoRpqdJPH9w==}
    cpu: [arm64]
    os: [win32]

  '@rolldown/binding-win32-ia32-msvc@1.0.0-beta.8-commit.d95f99e':
    resolution: {integrity: sha512-v4DdzJg8hmZL2koD/CphCUK79oCfdVnGLkCXmNhlmNId9f/6e0xKYgMnxcKL6B/ToM+Jl0iiVfGpKPE3ss+a1g==}
    cpu: [ia32]
    os: [win32]

  '@rolldown/binding-win32-x64-msvc@1.0.0-beta.8-commit.d95f99e':
    resolution: {integrity: sha512-4WHgT6kseymPm32LrUISpKnX/rX1YAPsfys7uWUm4sdEHJA16kX7ZLCDrAkgNMfbYD3ZuMzEnV6pbD2bDHQn0A==}
    cpu: [x64]
    os: [win32]

  '@rolldown/pluginutils@1.0.0-beta.8-commit.d95f99e':
    resolution: {integrity: sha512-m0VRAx0VjzbiV55GPB3kRbxonm9pkiTzn5HVu/xWfCqGfnFY2G9bjJCnwwZ+pNE0Lg/dppOYHfnPIZcOLgF4tg==}

  '@tybys/wasm-util@0.9.0':
    resolution: {integrity: sha512-6+7nlbMVX/PVDCwaIQ8nTOPveOcFLSt8GcXdx8hD0bt39uWxYT88uXzqTd4fTvqta7oeUJqudepapKNt2DYJFw==}

  ansis@4.0.0:
    resolution: {integrity: sha512-P8nrHI1EyW9OfBt1X7hMSwGN2vwRuqHSKJAT1gbLWZRzDa24oHjYwGHvEgHeBepupzk878yS/HBZ0NMPYtbolw==}
    engines: {node: '>=14'}

  ast-kit@2.0.0:
    resolution: {integrity: sha512-P63jzlYNz96MF9mCcprU+a7I5/ZQ5QAn3y+mZcPWEcGV3CHF/GWnkFPj3oCrWLUjL47+PD9PNiCUdXxw0cWdsg==}
    engines: {node: '>=20.18.0'}

  birpc@2.3.0:
    resolution: {integrity: sha512-ijbtkn/F3Pvzb6jHypHRyve2QApOCZDR25D/VnkY2G/lBNcXCTsnsCxgY4k4PkVB7zfwzYbY3O9Lcqe3xufS5g==}

  cac@6.7.14:
    resolution: {integrity: sha512-b6Ilus+c3RrdDk+JhLKUAQfzzgLEPy6wcXqS7f/xe1EETvsDP6GORG7SFuOs6cID5YkqchW/LXZbX5bc8j7ZcQ==}
    engines: {node: '>=8'}

  chokidar@4.0.3:
    resolution: {integrity: sha512-Qgzu8kfBvo+cA4962jnP1KkS6Dop5NS6g7R5LFYJr4b8Ub94PPQXUksCw9PvXoeXPRRddRNC5C1JQUR2SMGtnA==}
    engines: {node: '>= 14.16.0'}

  debug@4.4.1:
    resolution: {integrity: sha512-KcKCqiftBJcZr++7ykoDIEwSa3XWowTfNPo92BYxjXiyYEVrUQh2aLyhxBCwww+heortUFxEJYcRzosstTEBYQ==}
    engines: {node: '>=6.0'}
    peerDependencies:
      supports-color: '*'
    peerDependenciesMeta:
      supports-color:
        optional: true

  defu@6.1.4:
    resolution: {integrity: sha512-mEQCMmwJu317oSz8CwdIOdwf3xMif1ttiM8LTufzc3g6kR+9Pe236twL8j3IYT1F7GfRgGcW6MWxzZjLIkuHIg==}

  diff@8.0.1:
    resolution: {integrity: sha512-rEaM3KmVm78zE3dFZaop3aCQa2MTm+T4kcigUFLVU/KbOYdiY6JnL2g2puOYnct3QFw9pjZadaCbCZ1O8ArMlQ==}
    engines: {node: '>=0.3.1'}

  dts-resolver@2.0.1:
    resolution: {integrity: sha512-Pe2kqaQTNVxleYpt9Q9658fn6rEpoZbMbDpEBbcU6pnuGM3Q0IdM+Rv67kN6qcyp8Bv2Uv9NYy5Y1rG1LSgfoQ==}
    engines: {node: '>=20.18.0'}
    peerDependencies:
      oxc-resolver: ^9.0.2
    peerDependenciesMeta:
      oxc-resolver:
        optional: true

  empathic@1.1.0:
    resolution: {integrity: sha512-rsPft6CK3eHtrlp9Y5ALBb+hfK+DWnA4WFebbazxjWyx8vSm3rZeoM3z9irsjcqO3PYRzlfv27XIB4tz2DV7RA==}
    engines: {node: '>=14'}

  fdir@6.4.4:
    resolution: {integrity: sha512-1NZP+GK4GfuAv3PqKvxQRDMjdSRZjnkq7KfhlNrCNNlZ0ygQFpebfrnfnq/W7fpUnAv9aGWmY1zKx7FYL3gwhg==}
    peerDependencies:
      picomatch: ^3 || ^4
    peerDependenciesMeta:
      picomatch:
        optional: true

  get-tsconfig@4.10.0:
    resolution: {integrity: sha512-kGzZ3LWWQcGIAmg6iWvXn0ei6WDtV26wzHRMwDSzmAbcXrTEXxHy6IehI6/4eT6VRKyMP1eF1VqwrVUmE/LR7A==}

  hookable@5.5.3:
    resolution: {integrity: sha512-Yc+BQe8SvoXH1643Qez1zqLRmbA5rCL+sSmk6TVos0LWVfNIB7PGncdlId77WzLGSIB5KaWgTaNTs2lNVEI6VQ==}

  jiti@2.4.2:
    resolution: {integrity: sha512-rg9zJN+G4n2nfJl5MW3BMygZX56zKPNVEYYqq7adpmMh4Jn2QNEwhvQlFy6jPVdcod7txZtKHWnyZiA3a0zP7A==}
    hasBin: true

  jsesc@3.1.0:
    resolution: {integrity: sha512-/sM3dO2FOzXjKQhJuo0Q173wf2KOo8t4I8vHy6lF9poUp7bKT0/NHE8fPX23PwfhnykfqnC2xRxOnVw5XuGIaA==}
    engines: {node: '>=6'}
    hasBin: true

  ms@2.1.3:
    resolution: {integrity: sha512-6FlzubTLZG3J2a/NVCAleEhjzq5oxgHyaCU9yYXvcLsvoVaHJq/s5xXI6/XXP6tz7R9xAOtHnSO/tXtF3WRTlA==}

  pathe@2.0.3:
    resolution: {integrity: sha512-WUjGcAqP1gQacoQe+OBJsFA7Ld4DyXuUIjZ5cc75cLHvJ7dtNsTugphxIADwspS+AraAUePCKrSVtPLFj/F88w==}

  picomatch@4.0.2:
    resolution: {integrity: sha512-M7BAV6Rlcy5u+m6oPhAPFgJTzAioX/6B0DxyvDlo9l8+T3nLKbrczg2WLUyzd45L8RqfUMyGPzekbMvX2Ldkwg==}
    engines: {node: '>=12'}

  quansync@0.2.10:
    resolution: {integrity: sha512-t41VRkMYbkHyCYmOvx/6URnN80H7k4X0lLdBMGsz+maAwrJQYB1djpV6vHrQIBE0WBSGqhtEHrK9U3DWWH8v7A==}

  readdirp@4.1.2:
    resolution: {integrity: sha512-GDhwkLfywWL2s6vEjyhri+eXmfH6j1L7JE27WhqLeYzoh/A3DBaYGEj2H/HFZCn/kMfim73FXxEJTw06WtxQwg==}
    engines: {node: '>= 14.18.0'}

  resolve-pkg-maps@1.0.0:
    resolution: {integrity: sha512-seS2Tj26TBVOC2NIc2rOe2y2ZO7efxITtLZcGSOnHHNOQ7CkiUBfw0Iw2ck6xkIhPwLhKNLS8BO+hEpngQlqzw==}

  rolldown-plugin-dts@0.13.2:
    resolution: {integrity: sha512-3/jQZ2d+cOFuPQZ/QC0wmGQv3n6XbJswEgNIPaUoNusTtBrl2Owxn05EOhosr3jkv8eUlzOX4rf9klt2z14SRg==}
    engines: {node: '>=20.18.0'}
    peerDependencies:
      rolldown: ^1.0.0-beta.8-commit.2a5c6a6
      typescript: ^5.0.0
      vue-tsc: ~2.2.0
    peerDependenciesMeta:
      typescript:
        optional: true
      vue-tsc:
        optional: true

  rolldown@1.0.0-beta.8-commit.d95f99e:
    resolution: {integrity: sha512-A/10eaVhZhiRyHPz5jMQN4MU2i4JQGSci0vcqqhuozk/sertEUmZHkwHntNBKujdRdgG99apR2LSWYUsU7iKbA==}
    hasBin: true
    peerDependencies:
      '@oxc-project/runtime': 0.69.0
    peerDependenciesMeta:
      '@oxc-project/runtime':
        optional: true

  semver@7.7.2:
    resolution: {integrity: sha512-RF0Fw+rO5AMf9MAyaRXI4AV0Ulj5lMHqVxxdSgiVbixSCXoEmmX/jk0CuJw4+3SqroYO9VoUh+HcuJivvtJemA==}
    engines: {node: '>=10'}
    hasBin: true

  tinyexec@1.0.1:
    resolution: {integrity: sha512-5uC6DDlmeqiOwCPmK9jMSdOuZTh8bU39Ys6yidB+UTt5hfZUPGAypSgFRiEp+jbi9qH40BLDvy85jIU88wKSqw==}

  tinyglobby@0.2.13:
    resolution: {integrity: sha512-mEwzpUgrLySlveBwEVDMKk5B57bhLPYovRfPAXD5gA/98Opn0rCDj3GtLwFvCvH5RK9uPCExUROW5NjDwvqkxw==}
    engines: {node: '>=12.0.0'}

  tsdown@0.11.11:
    resolution: {integrity: sha512-Hd3rOtoOKsHxBOQ9PhNkwe6nfkLtELQaV6cvIvqzVnU3SS42DChIdtK1kR48F9yBSrc7/InuLTlpayQbys18mw==}
    engines: {node: '>=18.0.0'}
    hasBin: true
    peerDependencies:
      publint: ^0.3.0
      typescript: ^5.0.0
      unplugin-lightningcss: ^0.4.0
      unplugin-unused: ^0.5.0
    peerDependenciesMeta:
      publint:
        optional: true
      typescript:
        optional: true
      unplugin-lightningcss:
        optional: true
      unplugin-unused:
        optional: true

  tslib@2.8.1:
    resolution: {integrity: sha512-oJFu94HQb+KVduSUQL7wnpmqnfmLsOA/nAh6b6EH0wCEoK0/mPeXU6c3wKDV83MkOuHPRHtSXKKU99IBazS/2w==}

  typescript@5.6.2:
    resolution: {integrity: sha512-NW8ByodCSNCwZeghjN3o+JX5OFH0Ojg6sadjEKY4huZ52TqbJTJnDo5+Tw98lSy63NZvi4n+ez5m2u5d4PkZyw==}
    engines: {node: '>=14.17'}
    hasBin: true

  unconfig@7.3.2:
    resolution: {integrity: sha512-nqG5NNL2wFVGZ0NA/aCFw0oJ2pxSf1lwg4Z5ill8wd7K4KX/rQbHlwbh+bjctXL5Ly1xtzHenHGOK0b+lG6JVg==}

snapshots:

  '@babel/generator@7.27.1':
    dependencies:
      '@babel/parser': 7.27.2
      '@babel/types': 7.27.1
      '@jridgewell/gen-mapping': 0.3.5
      '@jridgewell/trace-mapping': 0.3.25
      jsesc: 3.1.0

  '@babel/helper-string-parser@7.27.1': {}

  '@babel/helper-validator-identifier@7.27.1': {}

  '@babel/parser@7.27.2':
    dependencies:
      '@babel/types': 7.27.1

  '@babel/types@7.27.1':
    dependencies:
      '@babel/helper-string-parser': 7.27.1
      '@babel/helper-validator-identifier': 7.27.1

  '@emnapi/core@1.4.3':
    dependencies:
      '@emnapi/wasi-threads': 1.0.2
      tslib: 2.8.1
    optional: true

  '@emnapi/runtime@1.4.3':
    dependencies:
      tslib: 2.8.1
    optional: true

  '@emnapi/wasi-threads@1.0.2':
    dependencies:
      tslib: 2.8.1
    optional: true

  '@jridgewell/gen-mapping@0.3.5':
    dependencies:
      '@jridgewell/set-array': 1.2.1
      '@jridgewell/sourcemap-codec': 1.5.0
      '@jridgewell/trace-mapping': 0.3.25

  '@jridgewell/resolve-uri@3.1.2': {}

  '@jridgewell/set-array@1.2.1': {}

  '@jridgewell/sourcemap-codec@1.5.0': {}

  '@jridgewell/trace-mapping@0.3.25':
    dependencies:
      '@jridgewell/resolve-uri': 3.1.2
      '@jridgewell/sourcemap-codec': 1.5.0

  '@napi-rs/wasm-runtime@0.2.10':
    dependencies:
      '@emnapi/core': 1.4.3
      '@emnapi/runtime': 1.4.3
      '@tybys/wasm-util': 0.9.0
    optional: true

  '@oxc-project/types@0.69.0': {}

  '@quansync/fs@0.1.3':
    dependencies:
      quansync: 0.2.10

  '@rolldown/binding-darwin-arm64@1.0.0-beta.8-commit.d95f99e':
    optional: true

  '@rolldown/binding-darwin-x64@1.0.0-beta.8-commit.d95f99e':
    optional: true

  '@rolldown/binding-freebsd-x64@1.0.0-beta.8-commit.d95f99e':
    optional: true

  '@rolldown/binding-linux-arm-gnueabihf@1.0.0-beta.8-commit.d95f99e':
    optional: true

  '@rolldown/binding-linux-arm64-gnu@1.0.0-beta.8-commit.d95f99e':
    optional: true

  '@rolldown/binding-linux-arm64-musl@1.0.0-beta.8-commit.d95f99e':
    optional: true

  '@rolldown/binding-linux-x64-gnu@1.0.0-beta.8-commit.d95f99e':
    optional: true

  '@rolldown/binding-linux-x64-musl@1.0.0-beta.8-commit.d95f99e':
    optional: true

  '@rolldown/binding-wasm32-wasi@1.0.0-beta.8-commit.d95f99e':
    dependencies:
      '@napi-rs/wasm-runtime': 0.2.10
    optional: true

  '@rolldown/binding-win32-arm64-msvc@1.0.0-beta.8-commit.d95f99e':
    optional: true

  '@rolldown/binding-win32-ia32-msvc@1.0.0-beta.8-commit.d95f99e':
    optional: true

  '@rolldown/binding-win32-x64-msvc@1.0.0-beta.8-commit.d95f99e':
    optional: true

  '@rolldown/pluginutils@1.0.0-beta.8-commit.d95f99e': {}

  '@tybys/wasm-util@0.9.0':
    dependencies:
      tslib: 2.8.1
    optional: true

  ansis@4.0.0: {}

  ast-kit@2.0.0:
    dependencies:
      '@babel/parser': 7.27.2
      pathe: 2.0.3

  birpc@2.3.0: {}

  cac@6.7.14: {}

  chokidar@4.0.3:
    dependencies:
      readdirp: 4.1.2

  debug@4.4.1:
    dependencies:
      ms: 2.1.3

  defu@6.1.4: {}

  diff@8.0.1: {}

  dts-resolver@2.0.1: {}

  empathic@1.1.0: {}

  fdir@6.4.4(picomatch@4.0.2):
    optionalDependencies:
      picomatch: 4.0.2

  get-tsconfig@4.10.0:
    dependencies:
      resolve-pkg-maps: 1.0.0

  hookable@5.5.3: {}

  jiti@2.4.2: {}

  jsesc@3.1.0: {}

  ms@2.1.3: {}

  pathe@2.0.3: {}

  picomatch@4.0.2: {}

  quansync@0.2.10: {}

  readdirp@4.1.2: {}

  resolve-pkg-maps@1.0.0: {}

  rolldown-plugin-dts@0.13.2(rolldown@1.0.0-beta.8-commit.d95f99e)(typescript@5.6.2):
    dependencies:
      '@babel/generator': 7.27.1
      '@babel/parser': 7.27.2
      '@babel/types': 7.27.1
      ast-kit: 2.0.0
      birpc: 2.3.0
      debug: 4.4.1
      dts-resolver: 2.0.1
      get-tsconfig: 4.10.0
      rolldown: 1.0.0-beta.8-commit.d95f99e
    optionalDependencies:
      typescript: 5.6.2
    transitivePeerDependencies:
      - oxc-resolver
      - supports-color

  rolldown@1.0.0-beta.8-commit.d95f99e:
    dependencies:
      '@oxc-project/types': 0.69.0
      '@rolldown/pluginutils': 1.0.0-beta.8-commit.d95f99e
      ansis: 4.0.0
    optionalDependencies:
      '@rolldown/binding-darwin-arm64': 1.0.0-beta.8-commit.d95f99e
      '@rolldown/binding-darwin-x64': 1.0.0-beta.8-commit.d95f99e
      '@rolldown/binding-freebsd-x64': 1.0.0-beta.8-commit.d95f99e
      '@rolldown/binding-linux-arm-gnueabihf': 1.0.0-beta.8-commit.d95f99e
      '@rolldown/binding-linux-arm64-gnu': 1.0.0-beta.8-commit.d95f99e
      '@rolldown/binding-linux-arm64-musl': 1.0.0-beta.8-commit.d95f99e
      '@rolldown/binding-linux-x64-gnu': 1.0.0-beta.8-commit.d95f99e
      '@rolldown/binding-linux-x64-musl': 1.0.0-beta.8-commit.d95f99e
      '@rolldown/binding-wasm32-wasi': 1.0.0-beta.8-commit.d95f99e
      '@rolldown/binding-win32-arm64-msvc': 1.0.0-beta.8-commit.d95f99e
      '@rolldown/binding-win32-ia32-msvc': 1.0.0-beta.8-commit.d95f99e
      '@rolldown/binding-win32-x64-msvc': 1.0.0-beta.8-commit.d95f99e

  semver@7.7.2: {}

  tinyexec@1.0.1: {}

  tinyglobby@0.2.13:
    dependencies:
      fdir: 6.4.4(picomatch@4.0.2)
      picomatch: 4.0.2

  tsdown@0.11.11(typescript@5.6.2):
    dependencies:
      ansis: 4.0.0
      cac: 6.7.14
      chokidar: 4.0.3
      debug: 4.4.1
      diff: 8.0.1
      empathic: 1.1.0
      hookable: 5.5.3
      rolldown: 1.0.0-beta.8-commit.d95f99e
      rolldown-plugin-dts: 0.13.2(rolldown@1.0.0-beta.8-commit.d95f99e)(typescript@5.6.2)
      semver: 7.7.2
      tinyexec: 1.0.1
      tinyglobby: 0.2.13
      unconfig: 7.3.2
    optionalDependencies:
      typescript: 5.6.2
    transitivePeerDependencies:
      - '@oxc-project/runtime'
      - oxc-resolver
      - supports-color
      - vue-tsc

  tslib@2.8.1:
    optional: true

  typescript@5.6.2:
    optional: true

  unconfig@7.3.2:
    dependencies:
      '@quansync/fs': 0.1.3
      defu: 6.1.4
      jiti: 2.4.2
      quansync: 0.2.10
